
Microsoft Visual Studio Solution File, Format Version 12.00
# Visual Studio Version 17
VisualStudioVersion = 17.0.32112.339
MinimumVisualStudioVersion = 10.0.40219.1
Project("{FAE04EC0-301F-11D3-BF4B-00C04F79EFBC}") = "react-memo-vs", "react-memo-vs\react-memo-vs.csproj", "{A060D2A0-29AB-42EE-95CA-80D7336036D3}"
EndProject
Global
	GlobalSection(SolutionConfigurationPlatforms) = preSolution
		Debug|Any CPU = Debug|Any CPU
		Release|Any CPU = Release|Any CPU
	EndGlobalSection
	GlobalSection(ProjectConfigurationPlatforms) = postSolution
		{A060D2A0-29AB-42EE-95CA-80D7336036D3}.Debug|Any CPU.ActiveCfg = Debug|Any CPU
		{A060D2A0-29AB-42EE-95CA-80D7336036D3}.Debug|Any CPU.Build.0 = Debug|Any CPU
		{A060D2A0-29AB-42EE-95CA-80D7336036D3}.Release|Any CPU.ActiveCfg = Release|Any CPU
		{A060D2A0-29AB-42EE-95CA-80D7336036D3}.Release|Any CPU.Build.0 = Release|Any CPU
	EndGlobalSection
	GlobalSection(SolutionProperties) = preSolution
		HideSolutionNode = FALSE
	EndGlobalSection
	GlobalSection(ExtensibilityGlobals) = postSolution
		SolutionGuid = {1E842695-C33D-4F6A-889C-05DDEC8F2A3B}
	EndGlobalSection
EndGlobal
